# generated by rye
# use `rye lock` or `rye sync` to update this lockfile
#
# last locked with the following flags:
#   pre: false
#   features: []
#   all-features: false
#   with-sources: false
#   generate-hashes: false
#   universal: false

-e file:.
aiohappyeyeballs==2.6.1
    # via aiohttp
aiohttp==3.12.15
    # via fsspec
aiosignal==1.4.0
    # via aiohttp
anyio==4.9.0
    # via httpx
    # via jupyter-server
appnope==0.1.4
    # via ipykernel
argon2-cffi==25.1.0
    # via jupyter-server
argon2-cffi-bindings==25.1.0
    # via argon2-cffi
arrow==1.3.0
    # via isoduration
asttokens==3.0.0
    # via stack-data
async-lru==2.0.5
    # via jupyterlab
attrs==25.3.0
    # via aiohttp
    # via jsonschema
    # via referencing
babel==2.17.0
    # via jupyterlab-server
beautifulsoup4==4.13.4
    # via nbconvert
bleach==6.2.0
    # via nbconvert
boto3==1.40.6
    # via fisher-stein
botocore==1.40.6
    # via boto3
    # via s3transfer
certifi==2025.7.14
    # via httpcore
    # via httpx
    # via requests
cffi==1.17.1
    # via argon2-cffi-bindings
charset-normalizer==3.4.2
    # via requests
comm==0.2.3
    # via ipykernel
contourpy==1.3.3
    # via matplotlib
cycler==0.12.1
    # via matplotlib
datasets==4.0.0
    # via fisher-stein
debugpy==1.8.15
    # via ipykernel
decorator==5.2.1
    # via ipython
defusedxml==0.7.1
    # via nbconvert
dill==0.3.8
    # via datasets
    # via multiprocess
executing==2.2.0
    # via stack-data
fastjsonschema==2.21.1
    # via nbformat
filelock==3.18.0
    # via datasets
    # via huggingface-hub
    # via torch
    # via transformers
fonttools==4.59.0
    # via matplotlib
fqdn==1.5.1
    # via jsonschema
frozenlist==1.7.0
    # via aiohttp
    # via aiosignal
fsspec==2025.3.0
    # via datasets
    # via huggingface-hub
    # via torch
h11==0.16.0
    # via httpcore
hf-xet==1.1.5
    # via huggingface-hub
httpcore==1.0.9
    # via httpx
httpx==0.28.1
    # via jupyterlab
huggingface-hub==0.34.3
    # via datasets
    # via tokenizers
    # via transformers
idna==3.10
    # via anyio
    # via httpx
    # via jsonschema
    # via requests
    # via yarl
ipykernel==6.30.0
    # via jupyterlab
ipython==9.4.0
    # via ipykernel
ipython-pygments-lexers==1.1.1
    # via ipython
isoduration==20.11.0
    # via jsonschema
jedi==0.19.2
    # via ipython
jinja2==3.1.6
    # via jupyter-server
    # via jupyterlab
    # via jupyterlab-server
    # via nbconvert
    # via torch
jmespath==1.0.1
    # via boto3
    # via botocore
json5==0.12.0
    # via jupyterlab-server
jsonpointer==3.0.0
    # via jsonschema
jsonschema==4.25.0
    # via jupyter-events
    # via jupyterlab-server
    # via nbformat
jsonschema-specifications==2025.4.1
    # via jsonschema
jupyter-client==8.6.3
    # via ipykernel
    # via jupyter-server
    # via nbclient
jupyter-core==5.8.1
    # via ipykernel
    # via jupyter-client
    # via jupyter-server
    # via jupyterlab
    # via nbclient
    # via nbconvert
    # via nbformat
jupyter-events==0.12.0
    # via jupyter-server
jupyter-lsp==2.2.6
    # via jupyterlab
jupyter-server==2.16.0
    # via jupyter-lsp
    # via jupyterlab
    # via jupyterlab-server
    # via notebook-shim
jupyter-server-terminals==0.5.3
    # via jupyter-server
jupyterlab==4.4.5
    # via fisher-stein
jupyterlab-pygments==0.3.0
    # via nbconvert
jupyterlab-server==2.27.3
    # via jupyterlab
kiwisolver==1.4.8
    # via matplotlib
lark==1.2.2
    # via rfc3987-syntax
markupsafe==3.0.2
    # via jinja2
    # via nbconvert
matplotlib==3.10.3
    # via plotnine
matplotlib-inline==0.1.7
    # via ipykernel
    # via ipython
mistune==3.1.3
    # via nbconvert
mizani==0.14.2
    # via plotnine
mpmath==1.3.0
    # via sympy
multidict==6.6.3
    # via aiohttp
    # via yarl
multiprocess==0.70.16
    # via datasets
nbclient==0.10.2
    # via nbconvert
nbconvert==7.16.6
    # via jupyter-server
nbformat==5.10.4
    # via jupyter-server
    # via nbclient
    # via nbconvert
nest-asyncio==1.6.0
    # via ipykernel
networkx==3.5
    # via torch
notebook-shim==0.2.4
    # via jupyterlab
numpy==2.3.2
    # via contourpy
    # via datasets
    # via fisher-stein
    # via matplotlib
    # via mizani
    # via pandas
    # via patsy
    # via plotnine
    # via scipy
    # via statsmodels
    # via transformers
optree==0.17.0
    # via fisher-stein
overrides==7.7.0
    # via jupyter-server
packaging==25.0
    # via datasets
    # via huggingface-hub
    # via ipykernel
    # via jupyter-events
    # via jupyter-server
    # via jupyterlab
    # via jupyterlab-server
    # via matplotlib
    # via nbconvert
    # via statsmodels
    # via transformers
pandas==2.3.1
    # via datasets
    # via mizani
    # via plotnine
    # via statsmodels
pandocfilters==1.5.1
    # via nbconvert
parso==0.8.4
    # via jedi
patsy==1.0.1
    # via statsmodels
pexpect==4.9.0
    # via ipython
pillow==11.3.0
    # via matplotlib
platformdirs==4.3.8
    # via jupyter-core
plotnine==0.15.0
    # via fisher-stein
polars==1.31.0
    # via fisher-stein
prometheus-client==0.22.1
    # via jupyter-server
prompt-toolkit==3.0.51
    # via ipython
propcache==0.3.2
    # via aiohttp
    # via yarl
psutil==7.0.0
    # via ipykernel
ptyprocess==0.7.0
    # via pexpect
    # via terminado
pure-eval==0.2.3
    # via stack-data
pyarrow==21.0.0
    # via datasets
pycparser==2.22
    # via cffi
pygments==2.19.2
    # via ipython
    # via ipython-pygments-lexers
    # via nbconvert
pyparsing==3.2.3
    # via matplotlib
python-dateutil==2.9.0.post0
    # via arrow
    # via botocore
    # via jupyter-client
    # via matplotlib
    # via pandas
python-json-logger==3.3.0
    # via jupyter-events
pytz==2025.2
    # via pandas
pyyaml==6.0.2
    # via datasets
    # via huggingface-hub
    # via jupyter-events
    # via transformers
pyzmq==27.0.0
    # via ipykernel
    # via jupyter-client
    # via jupyter-server
referencing==0.36.2
    # via jsonschema
    # via jsonschema-specifications
    # via jupyter-events
regex==2025.7.34
    # via transformers
requests==2.32.4
    # via datasets
    # via huggingface-hub
    # via jupyterlab-server
    # via transformers
rfc3339-validator==0.1.4
    # via jsonschema
    # via jupyter-events
rfc3986-validator==0.1.1
    # via jsonschema
    # via jupyter-events
rfc3987-syntax==1.1.0
    # via jsonschema
rpds-py==0.26.0
    # via jsonschema
    # via referencing
ruff==0.12.7
    # via fisher-stein
s3transfer==0.13.1
    # via boto3
safetensors==0.5.3
    # via transformers
scipy==1.16.1
    # via mizani
    # via plotnine
    # via statsmodels
send2trash==1.8.3
    # via jupyter-server
setuptools==80.9.0
    # via jupyterlab
    # via torch
six==1.17.0
    # via python-dateutil
    # via rfc3339-validator
sniffio==1.3.1
    # via anyio
soupsieve==2.7
    # via beautifulsoup4
stack-data==0.6.3
    # via ipython
statsmodels==0.14.5
    # via plotnine
sympy==1.14.0
    # via torch
terminado==0.18.1
    # via jupyter-server
    # via jupyter-server-terminals
tinycss2==1.4.0
    # via bleach
tokenizers==0.21.4
    # via transformers
torch==2.7.1
    # via fisher-stein
tornado==6.5.1
    # via ipykernel
    # via jupyter-client
    # via jupyter-server
    # via jupyterlab
    # via terminado
tqdm==4.67.1
    # via datasets
    # via fisher-stein
    # via huggingface-hub
    # via transformers
traitlets==5.14.3
    # via ipykernel
    # via ipython
    # via jupyter-client
    # via jupyter-core
    # via jupyter-events
    # via jupyter-server
    # via jupyterlab
    # via matplotlib-inline
    # via nbclient
    # via nbconvert
    # via nbformat
transformers==4.54.1
    # via fisher-stein
types-python-dateutil==2.9.0.20250708
    # via arrow
typing-extensions==4.14.1
    # via aiosignal
    # via anyio
    # via beautifulsoup4
    # via huggingface-hub
    # via optree
    # via referencing
    # via torch
tzdata==2025.2
    # via pandas
uri-template==1.3.0
    # via jsonschema
urllib3==2.5.0
    # via botocore
    # via requests
wcwidth==0.2.13
    # via prompt-toolkit
webcolors==24.11.1
    # via jsonschema
webencodings==0.5.1
    # via bleach
    # via tinycss2
websocket-client==1.8.0
    # via jupyter-server
xxhash==3.5.0
    # via datasets
yarl==1.20.1
    # via aiohttp
